
Microsoft Visual Studio Solution File, Format Version 12.00
# Visual Studio 15
VisualStudioVersion = 15.0.27703.2035
MinimumVisualStudioVersion = 10.0.40219.1
Project("{FAE04EC0-301F-11D3-BF4B-00C04F79EFBC}") = "qalab", "qalab\qalab.csproj", "{7A54EEBE-0421-4192-A2CF-7DD26E10B523}"
EndProject
Project("{FAE04EC0-301F-11D3-BF4B-00C04F79EFBC}") = "UnitTest", "UnitTest\UnitTest.csproj", "{8531AEBE-2BCB-4C1A-96C4-924653E38A5C}"
EndProject
Global
	GlobalSection(SolutionConfigurationPlatforms) = preSolution
		Debug|Any CPU = Debug|Any CPU
		Release|Any CPU = Release|Any CPU
	EndGlobalSection
	GlobalSection(ProjectConfigurationPlatforms) = postSolution
		{7A54EEBE-0421-4192-A2CF-7DD26E10B523}.Debug|Any CPU.ActiveCfg = Debug|Any CPU
		{7A54EEBE-0421-4192-A2CF-7DD26E10B523}.Debug|Any CPU.Build.0 = Debug|Any CPU
		{7A54EEBE-0421-4192-A2CF-7DD26E10B523}.Release|Any CPU.ActiveCfg = Release|Any CPU
		{7A54EEBE-0421-4192-A2CF-7DD26E10B523}.Release|Any CPU.Build.0 = Release|Any CPU
		{8531AEBE-2BCB-4C1A-96C4-924653E38A5C}.Debug|Any CPU.ActiveCfg = Debug|Any CPU
		{8531AEBE-2BCB-4C1A-96C4-924653E38A5C}.Debug|Any CPU.Build.0 = Debug|Any CPU
		{8531AEBE-2BCB-4C1A-96C4-924653E38A5C}.Release|Any CPU.ActiveCfg = Release|Any CPU
		{8531AEBE-2BCB-4C1A-96C4-924653E38A5C}.Release|Any CPU.Build.0 = Release|Any CPU
	EndGlobalSection
	GlobalSection(SolutionProperties) = preSolution
		HideSolutionNode = FALSE
	EndGlobalSection
	GlobalSection(ExtensibilityGlobals) = postSolution
		SolutionGuid = {522F4C25-0DF0-41B3-A011-E09DB0C6E97A}
	EndGlobalSection
EndGlobal
